version: 1
checksums:
  4188a166aad2705b4f09401f924502ed:
    greeting: e5c4880fef990edc98e20db92aff718d
  55dc377b5e931bfc64e4add83e35d9ea:
    nav/howItWorks: f0be71e62d493362a83cdcb7a0f6c21c
    nav/features: 341ff316a339b106a178f0b8d362951b
    nav/whoIsItFor: 3dd11fc0c5c63ab4435a218d175e69b7
    nav/faq: 47e0ee2eb40b4e7e732e05e2233fc71c
    nav/joinNow: 1d6305a8e38d3c0e2f422c2687bc4efc
    nav/login: f4f219abeb5a465ecb1c7efaf50246de
    nav/menu: 520968a9770cddeb6d339c0fcbd70240
    hero/title1: 8b5491c0cca1bbb5057bb015d2f67cc5
    hero/titleHighlight: 591116d7c70944a65821b8ac01f30e6a
    hero/title2: e25089e22f46f8ad92366136e7b7141f
    hero/title3: 997a8e841e558572cd197875516ae605
    hero/subtitle: 092476fc276b2fdc4c457215dcf5b4f9
    hero/cta: d0f28cbf06c0ca68b8a3ea872e1f0def
    hero/poweredBy: 6b6f88e2fa5a1ecec6cebf813abaeebb
    whoIsThisFor/badge: 7b92bfebef12e2167fd1bb53bc869369
    whoIsThisFor/title: 935eb47f0ccd03c38f20018b5523968a
    whoIsThisFor/description: 73a686f696c15016f0230e371946d948
    whoIsThisFor/footer: f4abfd23b60e095ba565bbcb6a7e7beb
    features/title: 6dc1b0214e0c8f606eff80ccf24420e5
    features/badge/text: c720ec5a2815d8ba5b632fa9629bb95b
    features/badge/highlight: 421e709602c92ffbe04a266f6a092089
    features/items/0/title: b1e62eb68183037b2f0059e898cb5a40
    features/items/0/description: 27db9b8829b60524bfccaba9441800e9
    features/items/1/title: 6fdcb17ce877464b331b8f0bccf36b22
    features/items/1/description: ecb53ff0cccc3906ba32f20649368937
    features/items/2/title: 58803fc5df60b658c31cea6a9d257e69
    features/items/2/description: 642b0ab3ecc88ddb41e4d59824b53fa0
    features/items/3/title: 036aa9a7d590d8c64e91c215f5398e2a
    features/items/3/description: 19eb98eb8cac2c3e34c4d9049e33dd9f
    features/items/4/title: 18f97f6bd4a5dd7c0e59e578d5e193c3
    features/items/4/description: ccb59d7047b6b7ddf233bf1b42b946f8
    howItWorks/title: f0be71e62d493362a83cdcb7a0f6c21c
    howItWorks/steps/0/title: 79654272069f40c5f0861028829b8b13
    howItWorks/steps/0/text: e2c5bad67ae296f7a8c4457ad3b95700
    howItWorks/steps/1/title: 7a9698e06a86431c658e9c801f6da6c9
    howItWorks/steps/1/text: ca7a377f257c8b6ca4d05131b39d1d54
    howItWorks/steps/2/title: 37a0a722f651cee62fa5990a58d61d99
    howItWorks/steps/2/text: 66577e89d1a11110f25fcb72fd605ee6
    communityRules/title: 55ba9b9d7286fe3e46e9d3b9f2abd780
    communityRules/subtitle: 4b7ffefb5343efbfcc182ef7facf7e0a
    communityRules/note: 7304c53ae53d3495ae3263838c1053a4
    communityRules/noteText: 8f062113b7ec11e8d6808bd40da92725
    communityRules/rules/0/title: 8eb475f6f4bac14a0b1b8ba84a700669
    communityRules/rules/0/text: 9385f32de54dd971dd89a5dad71ed809
    communityRules/rules/1/title: 62219eb596dd34cfe2b17dd536e25e8d
    communityRules/rules/1/text: 8bc84f9f4d511588155c1c657a3be206
    communityRules/rules/2/title: b3fba7a036a7b85337584065aad0bd22
    communityRules/rules/2/text: 99b541694beb92297ee3e10e2c35aaec
    dashboardPreview/title: 022a4e8884c1851d4ff2f8c6b4eca9e8
    dashboardPreview/titleHighlight: 1f854d67fb43db1546acb6d6b829f0a5
    dashboardPreview/subtitle: dfd02ee5f92f5f45d8f0ce048f02043a
    dashboardPreview/sidebar/channels: 5c713eb23708abb6541e0ac88a4e75b6
    dashboardPreview/sidebar/rooms/global: 40425e450f8be3ae890915b52ba72bb4
    dashboardPreview/sidebar/rooms/french: 7d42ccd76a9cbeb6131fd8f050eea5df
    dashboardPreview/sidebar/rooms/hausa: 4c53a4505a33af0131250c15dbf4edfe
    dashboardPreview/sidebar/rooms/spanish: cef232c5030beb49734d983b6e9677c4
    dashboardPreview/sidebar/rooms/trending: b3013580e61cb73d6e4478df58111573
    dashboardPreview/chat/inputPlaceholder: 11d0313b6b29909c4cd319a8edd6e7a3
    dashboardPreview/chat/translatedFrom: ce3474e84bba1489c6736bfe9cb663a7
    dashboardPreview/chat/messages/hello: cb938ed7e16ecd1c1c2b2d9b1a6e2351
    dashboardPreview/chat/messages/helloOriginal: be8c28583de18d04076e06115007e8cb
    dashboardPreview/chat/messages/translatedFromFrench: 2713d6698da6d0c187512df036afd5b9
    dashboardPreview/chat/messages/hi: 7730af89587f29bc55c52693872b2e42
    dashboardPreview/chat/messages/hiOriginal: c2fb5eaca3d3b907725df2faad6b15ce
    dashboardPreview/chat/messages/translatedFromHausa: 8ae22623ca22bb14c96c859163d0dde3
    dashboardPreview/chat/messages/great: bd79714ad0ed987814aa1916858850b1
    faq/title: a5a06974b5c9ead7f8730f9d5f63cb8b
    faq/items/0/question: b7f74a33948ad8fd7feaf788dd265ec7
    faq/items/0/answer: 75b7f127807195835b54cf5877af3244
    faq/items/1/question: 71081e501a5ac1cc24d77f5246f8a93c
    faq/items/1/answer: 59f91d7e83a298495a8692ed08da531b
    faq/items/2/question: 2d9fee8e37040f854fb2f51e8aa3b2c9
    faq/items/2/answer: dce860fafa0e67262809c097040dc9a6
    faq/items/3/question: e384de5d61f83f709ff0d4f0d2ec6e7b
    faq/items/3/answer: 92c88605ba060473fbe07d82cb0de108
    faq/items/4/question: 4a259f162868fb105384ffdd749bb460
    faq/items/4/answer: 7461bf15bfb0f47eb10b97002aa8e78f
    faq/items/5/question: 3849372022686f6d2840adb36e9f44db
    faq/items/5/answer: b057542529ba8bbbae90bf9610160fa1
    cta/title1: b0a4f0b3711917cb12b336a6214c5566
    cta/title2: 893c021776498168d1268abe9731b9ec
    cta/titleHighlight: f0106a9b4354555a31e54c05c9b1e1f6
    cta/title3: 4ebd615170fa6dd847c1918b8b1ae5b6
    cta/subtitle: 8cece3d56fb6608b6a090827f65fb1c1
    cta/button: 1d6305a8e38d3c0e2f422c2687bc4efc
    joinModal/title1: 411637fb90438d3237c0c94a42d306df
    joinModal/titleHighlight: 778a8c45b8e530944b904fef5fc8b46e
    joinModal/subtitle: df60829a57e9313eca1f2ba856aeb858
    joinModal/googleButton: 3b5fe2a49f4f316abf00ade9ec3e66d5
    joinModal/terms: abcd74b1ebade0e1771833c02157d46c
    joinModal/termsLink: c531b88ecfe7dd2337a34f4a9ed18a5f
    joinModal/privacyLink: 7459744a63ef8af4e517a09024bd7c08
    footer/headline: ee3d8dfe447337bc78fb0ece9e4e4f13
    footer/description: 2a74cf73cca254be252f8203c61f00ba
    footer/twitter: 6f53a4b64066ca932af900b23f28de11
    footer/contact: 9afa39bc47019ee6dec6c74b6273967c
    footer/copyright: 45dc50ec77766b6101213d3151cbf3a6
    footer/hackathon: 2cbe46180df671ca194e58123beef8e8
